
Microsoft Visual Studio Solution File, Format Version 12.00
# Visual Studio Version 16
VisualStudioVersion = 16.0.30204.135
MinimumVisualStudioVersion = 10.0.40219.1
Project("{FAE04EC0-301F-11D3-BF4B-00C04F79EFBC}") = "Invoice", "Invoice\Invoice.csproj", "{6C9EE0BB-74E2-469F-823B-065458BE39A2}"
EndProject
Global
	GlobalSection(SolutionConfigurationPlatforms) = preSolution
		Debug|Any CPU = Debug|Any CPU
		Release|Any CPU = Release|Any CPU
	EndGlobalSection
	GlobalSection(ProjectConfigurationPlatforms) = postSolution
		{6C9EE0BB-74E2-469F-823B-065458BE39A2}.Debug|Any CPU.ActiveCfg = Debug|Any CPU
		{6C9EE0BB-74E2-469F-823B-065458BE39A2}.Debug|Any CPU.Build.0 = Debug|Any CPU
		{6C9EE0BB-74E2-469F-823B-065458BE39A2}.Release|Any CPU.ActiveCfg = Release|Any CPU
		{6C9EE0BB-74E2-469F-823B-065458BE39A2}.Release|Any CPU.Build.0 = Release|Any CPU
	EndGlobalSection
	GlobalSection(SolutionProperties) = preSolution
		HideSolutionNode = FALSE
	EndGlobalSection
	GlobalSection(ExtensibilityGlobals) = postSolution
		SolutionGuid = {66CE9C4C-9EA0-491A-846A-50398A5FCD87}
	EndGlobalSection
EndGlobal
